
Microsoft Visual Studio Solution File, Format Version 12.00
# Visual Studio 15
VisualStudioVersion = 15.0.27130.2026
MinimumVisualStudioVersion = 10.0.40219.1
Project("{FAE04EC0-301F-11D3-BF4B-00C04F79EFBC}") = "CalculadoraFreelancer.Android", "CalculadoraFreelancer\CalculadoraFreelancer.Android\CalculadoraFreelancer.Android.csproj", "{F360BE16-685E-468E-8BB2-5224D8E4DE54}"
EndProject
Project("{FAE04EC0-301F-11D3-BF4B-00C04F79EFBC}") = "CalculadoraFreelancer.iOS", "CalculadoraFreelancer\CalculadoraFreelancer.iOS\CalculadoraFreelancer.iOS.csproj", "{FF5F8FD4-3B8C-4E89-9A65-6865DD788E9D}"
EndProject
Project("{FAE04EC0-301F-11D3-BF4B-00C04F79EFBC}") = "CalculadoraFreelancer", "CalculadoraFreelancer\CalculadoraFreelancer\CalculadoraFreelancer.csproj", "{2C8FFACE-0274-4B96-BFEA-8FE87740E645}"
EndProject
Global
	GlobalSection(SolutionConfigurationPlatforms) = preSolution
		Ad-Hoc|Any CPU = Ad-Hoc|Any CPU
		Ad-Hoc|iPhone = Ad-Hoc|iPhone
		Ad-Hoc|iPhoneSimulator = Ad-Hoc|iPhoneSimulator
		AppStore|Any CPU = AppStore|Any CPU
		AppStore|iPhone = AppStore|iPhone
		AppStore|iPhoneSimulator = AppStore|iPhoneSimulator
		Debug|Any CPU = Debug|Any CPU
		Debug|iPhone = Debug|iPhone
		Debug|iPhoneSimulator = Debug|iPhoneSimulator
		Release|Any CPU = Release|Any CPU
		Release|iPhone = Release|iPhone
		Release|iPhoneSimulator = Release|iPhoneSimulator
	EndGlobalSection
	GlobalSection(ProjectConfigurationPlatforms) = postSolution
		{F360BE16-685E-468E-8BB2-5224D8E4DE54}.Ad-Hoc|Any CPU.ActiveCfg = Release|Any CPU
		{F360BE16-685E-468E-8BB2-5224D8E4DE54}.Ad-Hoc|Any CPU.Build.0 = Release|Any CPU
		{F360BE16-685E-468E-8BB2-5224D8E4DE54}.Ad-Hoc|Any CPU.Deploy.0 = Release|Any CPU
		{F360BE16-685E-468E-8BB2-5224D8E4DE54}.Ad-Hoc|iPhone.ActiveCfg = Release|Any CPU
		{F360BE16-685E-468E-8BB2-5224D8E4DE54}.Ad-Hoc|iPhone.Build.0 = Release|Any CPU
		{F360BE16-685E-468E-8BB2-5224D8E4DE54}.Ad-Hoc|iPhone.Deploy.0 = Release|Any CPU
		{F360BE16-685E-468E-8BB2-5224D8E4DE54}.Ad-Hoc|iPhoneSimulator.ActiveCfg = Release|Any CPU
		{F360BE16-685E-468E-8BB2-5224D8E4DE54}.Ad-Hoc|iPhoneSimulator.Build.0 = Release|Any CPU
		{F360BE16-685E-468E-8BB2-5224D8E4DE54}.Ad-Hoc|iPhoneSimulator.Deploy.0 = Release|Any CPU
		{F360BE16-685E-468E-8BB2-5224D8E4DE54}.AppStore|Any CPU.ActiveCfg = Release|Any CPU
		{F360BE16-685E-468E-8BB2-5224D8E4DE54}.AppStore|Any CPU.Build.0 = Release|Any CPU
		{F360BE16-685E-468E-8BB2-5224D8E4DE54}.AppStore|Any CPU.Deploy.0 = Release|Any CPU
		{F360BE16-685E-468E-8BB2-5224D8E4DE54}.AppStore|iPhone.ActiveCfg = Release|Any CPU
		{F360BE16-685E-468E-8BB2-5224D8E4DE54}.AppStore|iPhone.Build.0 = Release|Any CPU
		{F360BE16-685E-468E-8BB2-5224D8E4DE54}.AppStore|iPhone.Deploy.0 = Release|Any CPU
		{F360BE16-685E-468E-8BB2-5224D8E4DE54}.AppStore|iPhoneSimulator.ActiveCfg = Release|Any CPU
		{F360BE16-685E-468E-8BB2-5224D8E4DE54}.AppStore|iPhoneSimulator.Build.0 = Release|Any CPU
		{F360BE16-685E-468E-8BB2-5224D8E4DE54}.AppStore|iPhoneSimulator.Deploy.0 = Release|Any CPU
		{F360BE16-685E-468E-8BB2-5224D8E4DE54}.Debug|Any CPU.ActiveCfg = Debug|Any CPU
		{F360BE16-685E-468E-8BB2-5224D8E4DE54}.Debug|Any CPU.Build.0 = Debug|Any CPU
		{F360BE16-685E-468E-8BB2-5224D8E4DE54}.Debug|Any CPU.Deploy.0 = Debug|Any CPU
		{F360BE16-685E-468E-8BB2-5224D8E4DE54}.Debug|iPhone.ActiveCfg = Debug|Any CPU
		{F360BE16-685E-468E-8BB2-5224D8E4DE54}.Debug|iPhone.Build.0 = Debug|Any CPU
		{F360BE16-685E-468E-8BB2-5224D8E4DE54}.Debug|iPhone.Deploy.0 = Debug|Any CPU
		{F360BE16-685E-468E-8BB2-5224D8E4DE54}.Debug|iPhoneSimulator.ActiveCfg = Debug|Any CPU
		{F360BE16-685E-468E-8BB2-5224D8E4DE54}.Debug|iPhoneSimulator.Build.0 = Debug|Any CPU
		{F360BE16-685E-468E-8BB2-5224D8E4DE54}.Debug|iPhoneSimulator.Deploy.0 = Debug|Any CPU
		{F360BE16-685E-468E-8BB2-5224D8E4DE54}.Release|Any CPU.ActiveCfg = Release|Any CPU
		{F360BE16-685E-468E-8BB2-5224D8E4DE54}.Release|Any CPU.Build.0 = Release|Any CPU
		{F360BE16-685E-468E-8BB2-5224D8E4DE54}.Release|Any CPU.Deploy.0 = Release|Any CPU
		{F360BE16-685E-468E-8BB2-5224D8E4DE54}.Release|iPhone.ActiveCfg = Release|Any CPU
		{F360BE16-685E-468E-8BB2-5224D8E4DE54}.Release|iPhone.Build.0 = Release|Any CPU
		{F360BE16-685E-468E-8BB2-5224D8E4DE54}.Release|iPhone.Deploy.0 = Release|Any CPU
		{F360BE16-685E-468E-8BB2-5224D8E4DE54}.Release|iPhoneSimulator.ActiveCfg = Release|Any CPU
		{F360BE16-685E-468E-8BB2-5224D8E4DE54}.Release|iPhoneSimulator.Build.0 = Release|Any CPU
		{F360BE16-685E-468E-8BB2-5224D8E4DE54}.Release|iPhoneSimulator.Deploy.0 = Release|Any CPU
		{FF5F8FD4-3B8C-4E89-9A65-6865DD788E9D}.Ad-Hoc|Any CPU.ActiveCfg = Ad-Hoc|iPhone
		{FF5F8FD4-3B8C-4E89-9A65-6865DD788E9D}.Ad-Hoc|iPhone.ActiveCfg = Ad-Hoc|iPhone
		{FF5F8FD4-3B8C-4E89-9A65-6865DD788E9D}.Ad-Hoc|iPhone.Build.0 = Ad-Hoc|iPhone
		{FF5F8FD4-3B8C-4E89-9A65-6865DD788E9D}.Ad-Hoc|iPhoneSimulator.ActiveCfg = Ad-Hoc|iPhoneSimulator
		{FF5F8FD4-3B8C-4E89-9A65-6865DD788E9D}.Ad-Hoc|iPhoneSimulator.Build.0 = Ad-Hoc|iPhoneSimulator
		{FF5F8FD4-3B8C-4E89-9A65-6865DD788E9D}.AppStore|Any CPU.ActiveCfg = AppStore|iPhone
		{FF5F8FD4-3B8C-4E89-9A65-6865DD788E9D}.AppStore|iPhone.ActiveCfg = AppStore|iPhone
		{FF5F8FD4-3B8C-4E89-9A65-6865DD788E9D}.AppStore|iPhone.Build.0 = AppStore|iPhone
		{FF5F8FD4-3B8C-4E89-9A65-6865DD788E9D}.AppStore|iPhoneSimulator.ActiveCfg = AppStore|iPhoneSimulator
		{FF5F8FD4-3B8C-4E89-9A65-6865DD788E9D}.AppStore|iPhoneSimulator.Build.0 = AppStore|iPhoneSimulator
		{FF5F8FD4-3B8C-4E89-9A65-6865DD788E9D}.Debug|Any CPU.ActiveCfg = Debug|iPhone
		{FF5F8FD4-3B8C-4E89-9A65-6865DD788E9D}.Debug|iPhone.ActiveCfg = Debug|iPhone
		{FF5F8FD4-3B8C-4E89-9A65-6865DD788E9D}.Debug|iPhone.Build.0 = Debug|iPhone
		{FF5F8FD4-3B8C-4E89-9A65-6865DD788E9D}.Debug|iPhoneSimulator.ActiveCfg = Debug|iPhoneSimulator
		{FF5F8FD4-3B8C-4E89-9A65-6865DD788E9D}.Debug|iPhoneSimulator.Build.0 = Debug|iPhoneSimulator
		{FF5F8FD4-3B8C-4E89-9A65-6865DD788E9D}.Release|Any CPU.ActiveCfg = Release|iPhone
		{FF5F8FD4-3B8C-4E89-9A65-6865DD788E9D}.Release|iPhone.ActiveCfg = Release|iPhone
		{FF5F8FD4-3B8C-4E89-9A65-6865DD788E9D}.Release|iPhone.Build.0 = Release|iPhone
		{FF5F8FD4-3B8C-4E89-9A65-6865DD788E9D}.Release|iPhoneSimulator.ActiveCfg = Release|iPhoneSimulator
		{FF5F8FD4-3B8C-4E89-9A65-6865DD788E9D}.Release|iPhoneSimulator.Build.0 = Release|iPhoneSimulator
		{2C8FFACE-0274-4B96-BFEA-8FE87740E645}.Ad-Hoc|Any CPU.ActiveCfg = Debug|Any CPU
		{2C8FFACE-0274-4B96-BFEA-8FE87740E645}.Ad-Hoc|Any CPU.Build.0 = Debug|Any CPU
		{2C8FFACE-0274-4B96-BFEA-8FE87740E645}.Ad-Hoc|iPhone.ActiveCfg = Debug|Any CPU
		{2C8FFACE-0274-4B96-BFEA-8FE87740E645}.Ad-Hoc|iPhone.Build.0 = Debug|Any CPU
		{2C8FFACE-0274-4B96-BFEA-8FE87740E645}.Ad-Hoc|iPhoneSimulator.ActiveCfg = Debug|Any CPU
		{2C8FFACE-0274-4B96-BFEA-8FE87740E645}.Ad-Hoc|iPhoneSimulator.Build.0 = Debug|Any CPU
		{2C8FFACE-0274-4B96-BFEA-8FE87740E645}.AppStore|Any CPU.ActiveCfg = Debug|Any CPU
		{2C8FFACE-0274-4B96-BFEA-8FE87740E645}.AppStore|Any CPU.Build.0 = Debug|Any CPU
		{2C8FFACE-0274-4B96-BFEA-8FE87740E645}.AppStore|iPhone.ActiveCfg = Debug|Any CPU
		{2C8FFACE-0274-4B96-BFEA-8FE87740E645}.AppStore|iPhone.Build.0 = Debug|Any CPU
		{2C8FFACE-0274-4B96-BFEA-8FE87740E645}.AppStore|iPhoneSimulator.ActiveCfg = Debug|Any CPU
		{2C8FFACE-0274-4B96-BFEA-8FE87740E645}.AppStore|iPhoneSimulator.Build.0 = Debug|Any CPU
		{2C8FFACE-0274-4B96-BFEA-8FE87740E645}.Debug|Any CPU.ActiveCfg = Debug|Any CPU
		{2C8FFACE-0274-4B96-BFEA-8FE87740E645}.Debug|Any CPU.Build.0 = Debug|Any CPU
		{2C8FFACE-0274-4B96-BFEA-8FE87740E645}.Debug|iPhone.ActiveCfg = Debug|Any CPU
		{2C8FFACE-0274-4B96-BFEA-8FE87740E645}.Debug|iPhone.Build.0 = Debug|Any CPU
		{2C8FFACE-0274-4B96-BFEA-8FE87740E645}.Debug|iPhoneSimulator.ActiveCfg = Debug|Any CPU
		{2C8FFACE-0274-4B96-BFEA-8FE87740E645}.Debug|iPhoneSimulator.Build.0 = Debug|Any CPU
		{2C8FFACE-0274-4B96-BFEA-8FE87740E645}.Release|Any CPU.ActiveCfg = Release|Any CPU
		{2C8FFACE-0274-4B96-BFEA-8FE87740E645}.Release|Any CPU.Build.0 = Release|Any CPU
		{2C8FFACE-0274-4B96-BFEA-8FE87740E645}.Release|iPhone.ActiveCfg = Release|Any CPU
		{2C8FFACE-0274-4B96-BFEA-8FE87740E645}.Release|iPhone.Build.0 = Release|Any CPU
		{2C8FFACE-0274-4B96-BFEA-8FE87740E645}.Release|iPhoneSimulator.ActiveCfg = Release|Any CPU
		{2C8FFACE-0274-4B96-BFEA-8FE87740E645}.Release|iPhoneSimulator.Build.0 = Release|Any CPU
	EndGlobalSection
	GlobalSection(SolutionProperties) = preSolution
		HideSolutionNode = FALSE
	EndGlobalSection
	GlobalSection(ExtensibilityGlobals) = postSolution
		SolutionGuid = {6242EC00-DD6F-4B16-8464-B30BDC9A7759}
	EndGlobalSection
EndGlobal
